
Microsoft Visual Studio Solution File, Format Version 10.00
# Visual Studio 2008
Project("{8BC9CEB8-8B4A-11D0-8D11-00A0C91BC942}") = "CreatModelFile", "CreatModelFile\CreatModelFile.vcproj", "{F1C9A258-3634-4B5E-BF3B-CC4FA25B204C}"
EndProject
Global
	GlobalSection(SolutionConfigurationPlatforms) = preSolution
		Debug|Win32 = Debug|Win32
		Release|Win32 = Release|Win32
	EndGlobalSection
	GlobalSection(ProjectConfigurationPlatforms) = postSolution
		{F1C9A258-3634-4B5E-BF3B-CC4FA25B204C}.Debug|Win32.ActiveCfg = Debug|Win32
		{F1C9A258-3634-4B5E-BF3B-CC4FA25B204C}.Debug|Win32.Build.0 = Debug|Win32
		{F1C9A258-3634-4B5E-BF3B-CC4FA25B204C}.Release|Win32.ActiveCfg = Release|Win32
		{F1C9A258-3634-4B5E-BF3B-CC4FA25B204C}.Release|Win32.Build.0 = Release|Win32
	EndGlobalSection
	GlobalSection(SolutionProperties) = preSolution
		HideSolutionNode = FALSE
	EndGlobalSection
EndGlobal
